%{"connection": {:hex, :connection, "1.0.4", "a1cae72211f0eef17705aaededacac3eb30e6625b04a6117c1b2db6ace7d5976", [:mix], []},
  "cowboy": {:hex, :cowboy, "1.0.4", "a324a8df9f2316c833a470d918aaf73ae894278b8aa6226ce7a9bf699388f878", [:rebar, :make], [{:cowlib, "~> 1.0.0", [hex: :cowlib, optional: false]}, {:ranch, "~> 1.0", [hex: :ranch, optional: false]}]},
  "cowlib": {:hex, :cowlib, "1.0.2", "9d769a1d062c9c3ac753096f868ca121e2730b9a377de23dec0f7e08b1df84ee", [:make], []},
  "db_connection": {:hex, :db_connection, "1.0.0-rc.4", "fad1f772c151cc6bde82412b8d72319968bc7221df8ef7d5e9d7fde7cb5c86b7", [:mix], [{:connection, "~> 1.0.2", [hex: :connection, optional: false]}, {:poolboy, "~> 1.5", [hex: :poolboy, optional: true]}, {:sbroker, "~> 1.0.0-beta.3", [hex: :sbroker, optional: true]}]},
  "decimal": {:hex, :decimal, "1.2.0", "462960fd71af282e570f7b477f6be56bf8968e68277d4d0b641a635269bf4b0d", [:mix], []},
  "ecto": {:hex, :ecto, "0.16.0", "3edd8da0a4bf22e487acbf610d60fd8af699033fc4492dd28d3ac5f55e67e503", [:mix], [{:decimal, "~> 1.0", [hex: :decimal, optional: false]}, {:mariaex, "~> 0.4.1", [hex: :mariaex, optional: true]}, {:poison, "~> 1.0", [hex: :poison, optional: true]}, {:poolboy, "~> 1.4", [hex: :poolboy, optional: false]}, {:postgrex, "~> 0.9.1", [hex: :postgrex, optional: true]}, {:sbroker, "~> 0.7", [hex: :sbroker, optional: true]}]},
  "esqlite": {:hex, :esqlite, "0.1.0", "e8868071224f5cee8f8e6b31faf4e75a217198e858169b6176c8ee8a9dadf3ec", [:make, :rebar], []},
  "mime": {:hex, :mime, "1.0.1", "05c393850524767d13a53627df71beeebb016205eb43bfbd92d14d24ec7a1b51", [:mix], []},
  "pipe": {:hex, :pipe, "0.0.2", "eff98a868b426745acef103081581093ff5c1b88100f8ff5949b4a30e81d0d9f", [:mix], []},
  "plug": {:hex, :plug, "1.2.2", "cfbda521b54c92ab8ddffb173fbaabed8d8fc94bec07cd9bb58a84c1c501b0bd", [:mix], [{:cowboy, "~> 1.0", [hex: :cowboy, optional: true]}, {:mime, "~> 1.0", [hex: :mime, optional: false]}]},
  "poolboy": {:hex, :poolboy, "1.5.1", "6b46163901cfd0a1b43d692657ed9d7e599853b3b21b95ae5ae0a777cf9b6ca8", [:rebar], []},
  "postgrex": {:hex, :postgrex, "0.9.1", "a7c9d4b3cc70b4b8c73190e0d462e057e22e1597954deb422fc45d5183463d61", [:mix], [{:decimal, "~> 1.0", [hex: :decimal, optional: false]}]},
  "ranch": {:hex, :ranch, "1.2.1", "a6fb992c10f2187b46ffd17ce398ddf8a54f691b81768f9ef5f461ea7e28c762", [:make], []},
  "sqlite_ecto": {:hex, :sqlite_ecto, "0.0.2", "d3eff07877c7d8d82f3f18d139d242e607a1eab183aeef1cdd2984922242fb55", [:mix], [{:ecto, "~> 0.11", [hex: :ecto, optional: false]}, {:sqlitex, "~> 0.3", [hex: :sqlitex, optional: false]}]},
  "sqlitex": {:hex, :sqlitex, "0.5.0", "9843e22631a967831390cbfe803f73a17372d0bd9892e07a763253a048305bfc", [:mix], [{:esqlite, "~> 0.1.0", [hex: :esqlite, optional: false]}, {:pipe, "~> 0.0.2", [hex: :pipe, optional: false]}]}}
